// !$*UTF8*$!
{
	archiveVersion = 1;
	classes = {
	};
	objectVersion = 46;
	objects = {

/* Begin PBXBuildFile section */
		8C04A4661A81145600641AA5 /* AboutViewController.swift in Sources */ = {isa = PBXBuildFile; fileRef = 8C04A4651A81145600641AA5 /* AboutViewController.swift */; };
		8CFB2C841A4DAE0400825474 /* AppDelegate.swift in Sources */ = {isa = PBXBuildFile; fileRef = 8CFB2C831A4DAE0400825474 /* AppDelegate.swift */; };
		8CFB2C861A4DAE0400825474 /* ViewController.swift in Sources */ = {isa = PBXBuildFile; fileRef = 8CFB2C851A4DAE0400825474 /* ViewController.swift */; };
		8CFB2C891A4DAE0400825474 /* Main.storyboard in Resources */ = {isa = PBXBuildFile; fileRef = 8CFB2C871A4DAE0400825474 /* Main.storyboard */; };
		8CFB2C8B1A4DAE0400825474 /* Images.xcassets in Resources */ = {isa = PBXBuildFile; fileRef = 8CFB2C8A1A4DAE0400825474 /* Images.xcassets */; };
		8CFB2C8E1A4DAE0400825474 /* LaunchScreen.xib in Resources */ = {isa = PBXBuildFile; fileRef = 8CFB2C8C1A4DAE0400825474 /* LaunchScreen.xib */; };
		8CFB2C9A1A4DAE0400825474 /* Hitme_gameTests.swift in Sources */ = {isa = PBXBuildFile; fileRef = 8CFB2C991A4DAE0400825474 /* Hitme_gameTests.swift */; };
/* End PBXBuildFile section */

/* Begin PBXContainerItemProxy section */
		8CFB2C941A4DAE0400825474 /* PBXContainerItemProxy */ = {
			isa = PBXContainerItemProxy;
			containerPortal = 8CFB2C761A4DAE0300825474 /* Project object */;
			proxyType = 1;
			remoteGlobalIDString = 8CFB2C7D1A4DAE0300825474;
			remoteInfo = Hitme_game;
		};
/* End PBXContainerItemProxy section */

/* Begin PBXFileReference section */
		8C04A4651A81145600641AA5 /* AboutViewController.swift */ = {isa = PBXFileReference; fileEncoding = 4; lastKnownFileType = sourcecode.swift; path = AboutViewController.swift; sourceTree = "<group>"; };
		8CFB2C7E1A4DAE0400825474 /* Hitme_game.app */ = {isa = PBXFileReference; explicitFileType = wrapper.application; includeInIndex = 0; path = Hitme_game.app; sourceTree = BUILT_PRODUCTS_DIR; };
		8CFB2C821A4DAE0400825474 /* Info.plist */ = {isa = PBXFileReference; lastKnownFileType = text.plist.xml; path = Info.plist; sourceTree = "<group>"; };
		8CFB2C831A4DAE0400825474 /* AppDelegate.swift */ = {isa = PBXFileReference; lastKnownFileType = sourcecode.swift; path = AppDelegate.swift; sourceTree = "<group>"; };
		8CFB2C851A4DAE0400825474 /* ViewController.swift */ = {isa = PBXFileReference; lastKnownFileType = sourcecode.swift; path = ViewController.swift; sourceTree = "<group>"; };
		8CFB2C881A4DAE0400825474 /* Base */ = {isa = PBXFileReference; lastKnownFileType = file.storyboard; name = Base; path = Base.lproj/Main.storyboard; sourceTree = "<group>"; };
		8CFB2C8A1A4DAE0400825474 /* Images.xcassets */ = {isa = PBXFileReference; lastKnownFileType = folder.assetcatalog; path = Images.xcassets; sourceTree = "<group>"; };
		8CFB2C8D1A4DAE0400825474 /* Base */ = {isa = PBXFileReference; lastKnownFileType = file.xib; name = Base; path = Base.lproj/LaunchScreen.xib; sourceTree = "<group>"; };
		8CFB2C931A4DAE0400825474 /* Hitme_gameTests.xctest */ = {isa = PBXFileReference; explicitFileType = wrapper.cfbundle; includeInIndex = 0; path = Hitme_gameTests.xctest; sourceTree = BUILT_PRODUCTS_DIR; };
		8CFB2C981A4DAE0400825474 /* Info.plist */ = {isa = PBXFileReference; lastKnownFileType = text.plist.xml; path = Info.plist; sourceTree = "<group>"; };
		8CFB2C991A4DAE0400825474 /* Hitme_gameTests.swift */ = {isa = PBXFileReference; lastKnownFileType = sourcecode.swift; path = Hitme_gameTests.swift; sourceTree = "<group>"; };
/* End PBXFileReference section */

/* Begin PBXFrameworksBuildPhase section */
		8CFB2C7B1A4DAE0300825474 /* Frameworks */ = {
			isa = PBXFrameworksBuildPhase;
			buildActionMask = 2147483647;
			files = (
			);
			runOnlyForDeploymentPostprocessing = 0;
		};
		8CFB2C901A4DAE0400825474 /* Frameworks */ = {
			isa = PBXFrameworksBuildPhase;
			buildActionMask = 2147483647;
			files = (
			);
			runOnlyForDeploymentPostprocessing = 0;
		};
/* End PBXFrameworksBuildPhase section */

/* Begin PBXGroup section */
		8CFB2C751A4DAE0300825474 = {
			isa = PBXGroup;
			children = (
				8CFB2C801A4DAE0400825474 /* Hitme_game */,
				8CFB2C961A4DAE0400825474 /* Hitme_gameTests */,
				8CFB2C7F1A4DAE0400825474 /* Products */,
			);
			sourceTree = "<group>";
		};
		8CFB2C7F1A4DAE0400825474 /* Products */ = {
			isa = PBXGroup;
			children = (
				8CFB2C7E1A4DAE0400825474 /* Hitme_game.app */,
				8CFB2C931A4DAE0400825474 /* Hitme_gameTests.xctest */,
			);
			name = Products;
			sourceTree = "<group>";
		};
		8CFB2C801A4DAE0400825474 /* Hitme_game */ = {
			isa = PBXGroup;
			children = (
				8CFB2C831A4DAE0400825474 /* AppDelegate.swift */,
				8CFB2C851A4DAE0400825474 /* ViewController.swift */,
				8C04A4651A81145600641AA5 /* AboutViewController.swift */,
				8CFB2C871A4DAE0400825474 /* Main.storyboard */,
				8CFB2C8A1A4DAE0400825474 /* Images.xcassets */,
				8CFB2C8C1A4DAE0400825474 /* LaunchScreen.xib */,
				8CFB2C811A4DAE0400825474 /* Supporting Files */,
			);
			path = Hitme_game;
			sourceTree = "<group>";
		};
		8CFB2C811A4DAE0400825474 /* Supporting Files */ = {
			isa = PBXGroup;
			children = (
				8CFB2C821A4DAE0400825474 /* Info.plist */,
			);
			name = "Supporting Files";
			sourceTree = "<group>";
		};
		8CFB2C961A4DAE0400825474 /* Hitme_gameTests */ = {
			isa = PBXGroup;
			children = (
				8CFB2C991A4DAE0400825474 /* Hitme_gameTests.swift */,
				8CFB2C971A4DAE0400825474 /* Supporting Files */,
			);
			path = Hitme_gameTests;
			sourceTree = "<group>";
		};
		8CFB2C971A4DAE0400825474 /* Supporting Files */ = {
			isa = PBXGroup;
			children = (
				8CFB2C981A4DAE0400825474 /* Info.plist */,
			);
			name = "Supporting Files";
			sourceTree = "<group>";
		};
/* End PBXGroup section */

/* Begin PBXNativeTarget section */
		8CFB2C7D1A4DAE0300825474 /* Hitme_game */ = {
			isa = PBXNativeTarget;
			buildConfigurationList = 8CFB2C9D1A4DAE0400825474 /* Build configuration list for PBXNativeTarget "Hitme_game" */;
			buildPhases = (
				8CFB2C7A1A4DAE0300825474 /* Sources */,
				8CFB2C7B1A4DAE0300825474 /* Frameworks */,
				8CFB2C7C1A4DAE0300825474 /* Resources */,
			);
			buildRules = (
			);
			dependencies = (
			);
			name = Hitme_game;
			productName = Hitme_game;
			productReference = 8CFB2C7E1A4DAE0400825474 /* Hitme_game.app */;
			productType = "com.apple.product-type.application";
		};
		8CFB2C921A4DAE0400825474 /* Hitme_gameTests */ = {
			isa = PBXNativeTarget;
			buildConfigurationList = 8CFB2CA01A4DAE0400825474 /* Build configuration list for PBXNativeTarget "Hitme_gameTests" */;
			buildPhases = (
				8CFB2C8F1A4DAE0400825474 /* Sources */,
				8CFB2C901A4DAE0400825474 /* Frameworks */,
				8CFB2C911A4DAE0400825474 /* Resources */,
			);
			buildRules = (
			);
			dependencies = (
				8CFB2C951A4DAE0400825474 /* PBXTargetDependency */,
			);
			name = Hitme_gameTests;
			productName = Hitme_gameTests;
			productReference = 8CFB2C931A4DAE0400825474 /* Hitme_gameTests.xctest */;
			productType = "com.apple.product-type.bundle.unit-test";
		};
/* End PBXNativeTarget section */

/* Begin PBXProject section */
		8CFB2C761A4DAE0300825474 /* Project object */ = {
			isa = PBXProject;
			attributes = {
				LastUpgradeCheck = 0610;
				ORGANIZATIONNAME = Sherlock.Yu;
				TargetAttributes = {
					8CFB2C7D1A4DAE0300825474 = {
						CreatedOnToolsVersion = 6.1;
					};
					8CFB2C921A4DAE0400825474 = {
						CreatedOnToolsVersion = 6.1;
						TestTargetID = 8CFB2C7D1A4DAE0300825474;
					};
				};
			};
			buildConfigurationList = 8CFB2C791A4DAE0300825474 /* Build configuration list for PBXProject "Hitme_game" */;
			compatibilityVersion = "Xcode 3.2";
			developmentRegion = English;
			hasScannedForEncodings = 0;
			knownRegions = (
				en,
				Base,
			);
			mainGroup = 8CFB2C751A4DAE0300825474;
			productRefGroup = 8CFB2C7F1A4DAE0400825474 /* Products */;
			projectDirPath = "";
			projectRoot = "";
			targets = (
				8CFB2C7D1A4DAE0300825474 /* Hitme_game */,
				8CFB2C921A4DAE0400825474 /* Hitme_gameTests */,
			);
		};
/* End PBXProject section */

/* Begin PBXResourcesBuildPhase section */
		8CFB2C7C1A4DAE0300825474 /* Resources */ = {
			isa = PBXResourcesBuildPhase;
			buildActionMask = 2147483647;
			files = (
				8CFB2C891A4DAE0400825474 /* Main.storyboard in Resources */,
				8CFB2C8E1A4DAE0400825474 /* LaunchScreen.xib in Resources */,
				8CFB2C8B1A4DAE0400825474 /* Images.xcassets in Resources */,
			);
			runOnlyForDeploymentPostprocessing = 0;
		};
		8CFB2C911A4DAE0400825474 /* Resources */ = {
			isa = PBXResourcesBuildPhase;
			buildActionMask = 2147483647;
			files = (
			);
			runOnlyForDeploymentPostprocessing = 0;
		};
/* End PBXResourcesBuildPhase section */

/* Begin PBXSourcesBuildPhase section */
		8CFB2C7A1A4DAE0300825474 /* Sources */ = {
			isa = PBXSourcesBuildPhase;
			buildActionMask = 2147483647;
			files = (
				8C04A4661A81145600641AA5 /* AboutViewController.swift in Sources */,
				8CFB2C861A4DAE0400825474 /* ViewController.swift in Sources */,
				8CFB2C841A4DAE0400825474 /* AppDelegate.swift in Sources */,
			);
			runOnlyForDeploymentPostprocessing = 0;
		};
		8CFB2C8F1A4DAE0400825474 /* Sources */ = {
			isa = PBXSourcesBuildPhase;
			buildActionMask = 2147483647;
			files = (
				8CFB2C9A1A4DAE0400825474 /* Hitme_gameTests.swift in Sources */,
			);
			runOnlyForDeploymentPostprocessing = 0;
		};
/* End PBXSourcesBuildPhase section */

/* Begin PBXTargetDependency section */
		8CFB2C951A4DAE0400825474 /* PBXTargetDependency */ = {
			isa = PBXTargetDependency;
			target = 8CFB2C7D1A4DAE0300825474 /* Hitme_game */;
			targetProxy = 8CFB2C941A4DAE0400825474 /* PBXContainerItemProxy */;
		};
/* End PBXTargetDependency section */

/* Begin PBXVariantGroup section */
		8CFB2C871A4DAE0400825474 /* Main.storyboard */ = {
			isa = PBXVariantGroup;
			children = (
				8CFB2C881A4DAE0400825474 /* Base */,
			);
			name = Main.storyboard;
			sourceTree = "<group>";
		};
		8CFB2C8C1A4DAE0400825474 /* LaunchScreen.xib */ = {
			isa = PBXVariantGroup;
			children = (
				8CFB2C8D1A4DAE0400825474 /* Base */,
			);
			name = LaunchScreen.xib;
			sourceTree = "<group>";
		};
/* End PBXVariantGroup section */

/* Begin XCBuildConfiguration section */
		8CFB2C9B1A4DAE0400825474 /* Debug */ = {
			isa = XCBuildConfiguration;
			buildSettings = {
				ALWAYS_SEARCH_USER_PATHS = NO;
				CLANG_CXX_LANGUAGE_STANDARD = "gnu++0x";
				CLANG_CXX_LIBRARY = "libc++";
				CLANG_ENABLE_MODULES = YES;
				CLANG_ENABLE_OBJC_ARC = YES;
				CLANG_WARN_BOOL_CONVERSION = YES;
				CLANG_WARN_CONSTANT_CONVERSION = YES;
				CLANG_WARN_DIRECT_OBJC_ISA_USAGE = YES_ERROR;
				CLANG_WARN_EMPTY_BODY = YES;
				CLANG_WARN_ENUM_CONVERSION = YES;
				CLANG_WARN_INT_CONVERSION = YES;
				CLANG_WARN_OBJC_ROOT_CLASS = YES_ERROR;
				CLANG_WARN_UNREACHABLE_CODE = YES;
				CLANG_WARN__DUPLICATE_METHOD_MATCH = YES;
				"CODE_SIGN_IDENTITY[sdk=iphoneos*]" = "iPhone Developer";
				COPY_PHASE_STRIP = NO;
				ENABLE_STRICT_OBJC_MSGSEND = YES;
				GCC_C_LANGUAGE_STANDARD = gnu99;
				GCC_DYNAMIC_NO_PIC = NO;
				GCC_OPTIMIZATION_LEVEL = 0;
				GCC_PREPROCESSOR_DEFINITIONS = (
					"DEBUG=1",
					"$(inherited)",
				);
				GCC_SYMBOLS_PRIVATE_EXTERN = NO;
				GCC_WARN_64_TO_32_BIT_CONVERSION = YES;
				GCC_WARN_ABOUT_RETURN_TYPE = YES_ERROR;
				GCC_WARN_UNDECLARED_SELECTOR = YES;
				GCC_WARN_UNINITIALIZED_AUTOS = YES_AGGRESSIVE;
				GCC_WARN_UNUSED_FUNCTION = YES;
				GCC_WARN_UNUSED_VARIABLE = YES;
				IPHONEOS_DEPLOYMENT_TARGET = 8.1;
				MTL_ENABLE_DEBUG_INFO = YES;
				ONLY_ACTIVE_ARCH = YES;
				SDKROOT = iphoneos;
				SWIFT_OPTIMIZATION_LEVEL = "-Onone";
			};
			name = Debug;
		};
		8CFB2C9C1A4DAE0400825474 /* Release */ = {
			isa = XCBuildConfiguration;
			buildSettings = {
				ALWAYS_SEARCH_USER_PATHS = NO;
				CLANG_CXX_LANGUAGE_STANDARD = "gnu++0x";
				CLANG_CXX_LIBRARY = "libc++";
				CLANG_ENABLE_MODULES = YES;
				CLANG_ENABLE_OBJC_ARC = YES;
				CLANG_WARN_BOOL_CONVERSION = YES;
				CLANG_WARN_CONSTANT_CONVERSION = YES;
				CLANG_WARN_DIRECT_OBJC_ISA_USAGE = YES_ERROR;
				CLANG_WARN_EMPTY_BODY = YES;
				CLANG_WARN_ENUM_CONVERSION = YES;
				CLANG_WARN_INT_CONVERSION = YES;
				CLANG_WARN_OBJC_ROOT_CLASS = YES_ERROR;
				CLANG_WARN_UNREACHABLE_CODE = YES;
				CLANG_WARN__DUPLICATE_METHOD_MATCH = YES;
				"CODE_SIGN_IDENTITY[sdk=iphoneos*]" = "iPhone Developer";
				COPY_PHASE_STRIP = YES;
				ENABLE_NS_ASSERTIONS = NO;
				ENABLE_STRICT_OBJC_MSGSEND = YES;
				GCC_C_LANGUAGE_STANDARD = gnu99;
				GCC_WARN_64_TO_32_BIT_CONVERSION = YES;
				GCC_WARN_ABOUT_RETURN_TYPE = YES_ERROR;
				GCC_WARN_UNDECLARED_SELECTOR = YES;
				GCC_WARN_UNINITIALIZED_AUTOS = YES_AGGRESSIVE;
				GCC_WARN_UNUSED_FUNCTION = YES;
				GCC_WARN_UNUSED_VARIABLE = YES;
				IPHONEOS_DEPLOYMENT_TARGET = 8.1;
				MTL_ENABLE_DEBUG_INFO = NO;
				SDKROOT = iphoneos;
				VALIDATE_PRODUCT = YES;
			};
			name = Release;
		};
		8CFB2C9E1A4DAE0400825474 /* Debug */ = {
			isa = XCBuildConfiguration;
			buildSettings = {
				ASSETCATALOG_COMPILER_APPICON_NAME = AppIcon;
				INFOPLIST_FILE = Hitme_game/Info.plist;
				LD_RUNPATH_SEARCH_PATHS = "$(inherited) @executable_path/Frameworks";
				PRODUCT_NAME = "$(TARGET_NAME)";
			};
			name = Debug;
		};
		8CFB2C9F1A4DAE0400825474 /* Release */ = {
			isa = XCBuildConfiguration;
			buildSettings = {
				ASSETCATALOG_COMPILER_APPICON_NAME = AppIcon;
				INFOPLIST_FILE = Hitme_game/Info.plist;
				LD_RUNPATH_SEARCH_PATHS = "$(inherited) @executable_path/Frameworks";
				PRODUCT_NAME = "$(TARGET_NAME)";
			};
			name = Release;
		};
		8CFB2CA11A4DAE0400825474 /* Debug */ = {
			isa = XCBuildConfiguration;
			buildSettings = {
				BUNDLE_LOADER = "$(TEST_HOST)";
				FRAMEWORK_SEARCH_PATHS = (
					"$(SDKROOT)/Developer/Library/Frameworks",
					"$(inherited)",
				);
				GCC_PREPROCESSOR_DEFINITIONS = (
					"DEBUG=1",
					"$(inherited)",
				);
				INFOPLIST_FILE = Hitme_gameTests/Info.plist;
				LD_RUNPATH_SEARCH_PATHS = "$(inherited) @executable_path/Frameworks @loader_path/Frameworks";
				PRODUCT_NAME = "$(TARGET_NAME)";
				TEST_HOST = "$(BUILT_PRODUCTS_DIR)/Hitme_game.app/Hitme_game";
			};
			name = Debug;
		};
		8CFB2CA21A4DAE0400825474 /* Release */ = {
			isa = XCBuildConfiguration;
			buildSettings = {
				BUNDLE_LOADER = "$(TEST_HOST)";
				FRAMEWORK_SEARCH_PATHS = (
					"$(SDKROOT)/Developer/Library/Frameworks",
					"$(inherited)",
				);
				INFOPLIST_FILE = Hitme_gameTests/Info.plist;
				LD_RUNPATH_SEARCH_PATHS = "$(inherited) @executable_path/Frameworks @loader_path/Frameworks";
				PRODUCT_NAME = "$(TARGET_NAME)";
				TEST_HOST = "$(BUILT_PRODUCTS_DIR)/Hitme_game.app/Hitme_game";
			};
			name = Release;
		};
/* End XCBuildConfiguration section */

/* Begin XCConfigurationList section */
		8CFB2C791A4DAE0300825474 /* Build configuration list for PBXProject "Hitme_game" */ = {
			isa = XCConfigurationList;
			buildConfigurations = (
				8CFB2C9B1A4DAE0400825474 /* Debug */,
				8CFB2C9C1A4DAE0400825474 /* Release */,
			);
			defaultConfigurationIsVisible = 0;
			defaultConfigurationName = Release;
		};
		8CFB2C9D1A4DAE0400825474 /* Build configuration list for PBXNativeTarget "Hitme_game" */ = {
			isa = XCConfigurationList;
			buildConfigurations = (
				8CFB2C9E1A4DAE0400825474 /* Debug */,
				8CFB2C9F1A4DAE0400825474 /* Release */,
			);
			defaultConfigurationIsVisible = 0;
			defaultConfigurationName = Release;
		};
		8CFB2CA01A4DAE0400825474 /* Build configuration list for PBXNativeTarget "Hitme_gameTests" */ = {
			isa = XCConfigurationList;
			buildConfigurations = (
				8CFB2CA11A4DAE0400825474 /* Debug */,
				8CFB2CA21A4DAE0400825474 /* Release */,
			);
			defaultConfigurationIsVisible = 0;
			defaultConfigurationName = Release;
		};
/* End XCConfigurationList section */
	};
	rootObject = 8CFB2C761A4DAE0300825474 /* Project object */;
}
